{
  "requires": true,
  "lockfileVersion": 1,
  "dependencies": {
    "gridstack": {
      "version": "4.2.6",
      "resolved": "https://registry.npmjs.org/gridstack/-/gridstack-4.2.6.tgz",
      "integrity": "sha512-DTfH2ayR3aOqo26RTiMEYtbOVOnVXLG+lnmWRAYazhW1uixxqOvmV0nxjqyFRJLV9uRudY5adiaFzfk1pGgSTA=="
    }
  }
}
